
Microsoft Visual Studio Solution File, Format Version 12.00
# Visual Studio Version 17
VisualStudioVersion = 17.5.002.0
MinimumVisualStudioVersion = 10.0.40219.1
Project("{9A19103F-16F7-4668-BE54-9A1E7A4F7556}") = "ef-core-relationships", "ef-core-relationships\ef-core-relationships.csproj", "{5A619337-6FB9-4F8F-B7EA-382ADC3BB119}"
EndProject
Project("{9A19103F-16F7-4668-BE54-9A1E7A4F7556}") = "email-mailkit-smtp", "email-mailkit-smtp\email-mailkit-smtp.csproj", "{70B9A0AA-9E9E-46E3-B00B-B6C7D6337953}"
EndProject
Project("{9A19103F-16F7-4668-BE54-9A1E7A4F7556}") = "practical-signalR-mvc", "practical-signalR-mvc\practical-signalR-mvc.csproj", "{F65557E2-D77C-4E41-B4E3-2816CDEFACAE}"
EndProject
Project("{9A19103F-16F7-4668-BE54-9A1E7A4F7556}") = "jwt-auth", "jwt-auth\jwt-auth.csproj", "{033EF77D-102D-424A-BB99-463CCEDD8F0C}"
EndProject
Project("{9A19103F-16F7-4668-BE54-9A1E7A4F7556}") = "data-structure-algo", "data-structure-algo\data-structure-algo.csproj", "{0AC53FDB-78F0-4C1D-838E-F0AC8B057F27}"
EndProject
Project("{2150E333-8FDC-42A3-9474-1A3956D46DE8}") = "advanced-c#", "advanced-c#", "{DC785CFD-7AD4-40BC-9944-44C030CE8306}"
EndProject
Project("{9A19103F-16F7-4668-BE54-9A1E7A4F7556}") = "advanced-c#", "advanced-c#\HR-System\advanced-c#.csproj", "{A6397ED1-5B35-4AF3-A4E8-A8B094BB076E}"
EndProject
Project("{9A19103F-16F7-4668-BE54-9A1E7A4F7556}") = "pure-DSA", "advanced-c#\pure-DSA\pure-DSA.csproj", "{A2CABAA1-7E3A-49AC-AF38-A3EFC42AE5F6}"
EndProject
Project("{2150E333-8FDC-42A3-9474-1A3956D46DE8}") = "microservices-project-three", "microservices-project-three", "{27ADF6AC-CD96-4150-9DB1-CBD9BBAC4499}"
EndProject
Project("{9A19103F-16F7-4668-BE54-9A1E7A4F7556}") = "PlatformService", "microservices-project-three\PlatformService\PlatformService.csproj", "{88B0736F-B9BC-4F9F-9DB9-7141460E4A5A}"
EndProject
Project("{9A19103F-16F7-4668-BE54-9A1E7A4F7556}") = "CommandsService", "microservices-project-three\CommandsService\CommandsService.csproj", "{36FFAE0D-807D-48AF-BBA3-D3058F394704}"
EndProject
Project("{2150E333-8FDC-42A3-9474-1A3956D46DE8}") = "advanced-LINQ", "advanced-LINQ", "{B42D26A5-F576-494D-85EF-87C36658C9C2}"
EndProject
Project("{9A19103F-16F7-4668-BE54-9A1E7A4F7556}") = "TCPData", "advanced-LINQ\TCPData\TCPData.csproj", "{91E0B2C1-E53C-4EB2-A47A-2C3FA4EB76D1}"
EndProject
Project("{9A19103F-16F7-4668-BE54-9A1E7A4F7556}") = "TCPExtensions", "advanced-LINQ\TCPExtensions\TCPExtensions.csproj", "{3E6C0887-6AF9-4645-8CA1-3F955D6BCF39}"
EndProject
Project("{9A19103F-16F7-4668-BE54-9A1E7A4F7556}") = "ThePretendCompanyApplication", "advanced-LINQ\ThePretendCompanyApplication\ThePretendCompanyApplication.csproj", "{8828615A-2557-42F2-B88B-B2573A6109B8}"
EndProject
Project("{2150E333-8FDC-42A3-9474-1A3956D46DE8}") = "signalR-nextjs-chat", "signalR-nextjs-chat", "{45566AD2-4AA2-4DC6-8F24-8ECBB4ADC3FC}"
EndProject
Project("{9A19103F-16F7-4668-BE54-9A1E7A4F7556}") = "chat-backend", "signalR-nextjs-chat\chat-backend\chat-backend.csproj", "{2ED8FF1F-5CD8-46CF-9F68-7501553E1F21}"
EndProject
Project("{2150E333-8FDC-42A3-9474-1A3956D46DE8}") = "DelegateSampleProject", "DelegateSampleProject", "{41194996-B80E-4255-ABBB-918B563F8C6E}"
EndProject
Project("{9A19103F-16F7-4668-BE54-9A1E7A4F7556}") = "FieldValidatorAPI", "advanced-c#\DelegateSampleProject\FieldValidatorAPI\FieldValidatorAPI.csproj", "{1306DF4A-A3D0-47FC-B51A-22A58107E0A1}"
EndProject
Project("{9A19103F-16F7-4668-BE54-9A1E7A4F7556}") = "ClubMembershipApplication", "advanced-c#\DelegateSampleProject\ClubMembershipApplication\ClubMembershipApplication.csproj", "{9FC205FE-C239-449C-B3F0-2C5F0F884DEC}"
EndProject
Project("{2150E333-8FDC-42A3-9474-1A3956D46DE8}") = "microservices-project-two", "microservices-project-two", "{39AC4D59-1632-44D5-AD4A-73CEE16DF27B}"
EndProject
Project("{2150E333-8FDC-42A3-9474-1A3956D46DE8}") = "Frontend", "Frontend", "{8CEF9790-BB6B-4AC5-BE43-B2B45668C898}"
EndProject
Project("{9A19103F-16F7-4668-BE54-9A1E7A4F7556}") = "Mango.Web", "microservices-project-two\Frontend\Mango.Web\Mango.Web.csproj", "{6C77BD57-FA9C-401E-B1ED-1735DE0ABE09}"
EndProject
Project("{2150E333-8FDC-42A3-9474-1A3956D46DE8}") = "Services", "Services", "{4C2B3CBA-973F-4F2A-BFE1-5A83856E5037}"
EndProject
Project("{9A19103F-16F7-4668-BE54-9A1E7A4F7556}") = "Mango.Services.CouponAPI", "microservices-project-two\Services\Mango.Services.CouponAPI\Mango.Services.CouponAPI.csproj", "{E5626DEC-547E-48AC-90A4-F6D263284723}"
EndProject
Project("{9A19103F-16F7-4668-BE54-9A1E7A4F7556}") = "Mango.Services.ProductAPI", "microservices-project-two\Services\Mango.Services.ProductAPI\Mango.Services.ProductAPI.csproj", "{63691433-4DEE-4B96-A575-7DA1D9DA2D3B}"
EndProject
Project("{9A19103F-16F7-4668-BE54-9A1E7A4F7556}") = "Mango.Services.ShoppingCartAPI", "microservices-project-two\Services\Mango.Services.ShoppingCartAPI\Mango.Services.ShoppingCartAPI.csproj", "{2DB41069-4893-4D32-A48E-A9EAE0DCE41F}"
EndProject
Project("{9A19103F-16F7-4668-BE54-9A1E7A4F7556}") = "Mango.Services.AuthAPI", "microservices-project-two\Services\Mango.Services.AuthAPI\Mango.Services.AuthAPI.csproj", "{6D565D6C-90C9-4B91-B789-0095EE600A10}"
EndProject
Project("{2150E333-8FDC-42A3-9474-1A3956D46DE8}") = "microservices-project-one", "microservices-project-one", "{D760BAB4-71AB-483E-A29B-8CE7E715F6FC}"
EndProject
Project("{2150E333-8FDC-42A3-9474-1A3956D46DE8}") = "Play.Catalog", "Play.Catalog", "{2324B998-2592-4EDA-AD60-C38049B68931}"
EndProject
Project("{2150E333-8FDC-42A3-9474-1A3956D46DE8}") = "src", "src", "{DF915991-5E7A-4EE0-A131-093EEEFF0E40}"
EndProject
Project("{9A19103F-16F7-4668-BE54-9A1E7A4F7556}") = "Play.Catalog.Service", "microservices-project-one\Play.Catalog\src\Play.Catalog.Service\Play.Catalog.Service.csproj", "{8DC2DF6F-7149-46F1-AC97-124BCBD5A724}"
EndProject
Project("{9A19103F-16F7-4668-BE54-9A1E7A4F7556}") = "Play.Catalog.Contracts", "microservices-project-one\Play.Catalog\src\Play.Catalog.Contracts\Play.Catalog.Contracts.csproj", "{106EDAA9-879A-41D5-9B53-E4AF7DFF221D}"
EndProject
Project("{2150E333-8FDC-42A3-9474-1A3956D46DE8}") = "Play.Common", "Play.Common", "{3BF5F881-FCDB-4BC8-8FDC-546923DB545F}"
EndProject
Project("{2150E333-8FDC-42A3-9474-1A3956D46DE8}") = "src", "src", "{1948B529-71EE-46C0-9051-DA64B61551CB}"
EndProject
Project("{9A19103F-16F7-4668-BE54-9A1E7A4F7556}") = "Play.Common", "microservices-project-one\Play.Common\src\Play.Common\Play.Common.csproj", "{1A6BEC0B-2FF2-4563-996D-870AA496A303}"
EndProject
Project("{2150E333-8FDC-42A3-9474-1A3956D46DE8}") = "Play.Inventory", "Play.Inventory", "{BA77E749-4D81-48FB-9D1E-66975568854C}"
EndProject
Project("{2150E333-8FDC-42A3-9474-1A3956D46DE8}") = "src", "src", "{D94EAEAC-31AF-4FE4-846F-096976375FCF}"
EndProject
Project("{9A19103F-16F7-4668-BE54-9A1E7A4F7556}") = "Play.Inventory.Service", "microservices-project-one\Play.Inventory\src\Play.Inventory.Service\Play.Inventory.Service.csproj", "{622A587A-0DF1-41EF-8ECD-1C697585D838}"
EndProject
Global
	GlobalSection(SolutionConfigurationPlatforms) = preSolution
		Debug|Any CPU = Debug|Any CPU
		Release|Any CPU = Release|Any CPU
	EndGlobalSection
	GlobalSection(ProjectConfigurationPlatforms) = postSolution
		{5A619337-6FB9-4F8F-B7EA-382ADC3BB119}.Debug|Any CPU.ActiveCfg = Debug|Any CPU
		{5A619337-6FB9-4F8F-B7EA-382ADC3BB119}.Debug|Any CPU.Build.0 = Debug|Any CPU
		{5A619337-6FB9-4F8F-B7EA-382ADC3BB119}.Release|Any CPU.ActiveCfg = Release|Any CPU
		{5A619337-6FB9-4F8F-B7EA-382ADC3BB119}.Release|Any CPU.Build.0 = Release|Any CPU
		{70B9A0AA-9E9E-46E3-B00B-B6C7D6337953}.Debug|Any CPU.ActiveCfg = Debug|Any CPU
		{70B9A0AA-9E9E-46E3-B00B-B6C7D6337953}.Debug|Any CPU.Build.0 = Debug|Any CPU
		{70B9A0AA-9E9E-46E3-B00B-B6C7D6337953}.Release|Any CPU.ActiveCfg = Release|Any CPU
		{70B9A0AA-9E9E-46E3-B00B-B6C7D6337953}.Release|Any CPU.Build.0 = Release|Any CPU
		{F65557E2-D77C-4E41-B4E3-2816CDEFACAE}.Debug|Any CPU.ActiveCfg = Debug|Any CPU
		{F65557E2-D77C-4E41-B4E3-2816CDEFACAE}.Debug|Any CPU.Build.0 = Debug|Any CPU
		{F65557E2-D77C-4E41-B4E3-2816CDEFACAE}.Release|Any CPU.ActiveCfg = Release|Any CPU
		{F65557E2-D77C-4E41-B4E3-2816CDEFACAE}.Release|Any CPU.Build.0 = Release|Any CPU
		{033EF77D-102D-424A-BB99-463CCEDD8F0C}.Debug|Any CPU.ActiveCfg = Debug|Any CPU
		{033EF77D-102D-424A-BB99-463CCEDD8F0C}.Debug|Any CPU.Build.0 = Debug|Any CPU
		{033EF77D-102D-424A-BB99-463CCEDD8F0C}.Release|Any CPU.ActiveCfg = Release|Any CPU
		{033EF77D-102D-424A-BB99-463CCEDD8F0C}.Release|Any CPU.Build.0 = Release|Any CPU
		{0AC53FDB-78F0-4C1D-838E-F0AC8B057F27}.Debug|Any CPU.ActiveCfg = Debug|Any CPU
		{0AC53FDB-78F0-4C1D-838E-F0AC8B057F27}.Debug|Any CPU.Build.0 = Debug|Any CPU
		{0AC53FDB-78F0-4C1D-838E-F0AC8B057F27}.Release|Any CPU.ActiveCfg = Release|Any CPU
		{0AC53FDB-78F0-4C1D-838E-F0AC8B057F27}.Release|Any CPU.Build.0 = Release|Any CPU
		{A6397ED1-5B35-4AF3-A4E8-A8B094BB076E}.Debug|Any CPU.ActiveCfg = Debug|Any CPU
		{A6397ED1-5B35-4AF3-A4E8-A8B094BB076E}.Debug|Any CPU.Build.0 = Debug|Any CPU
		{A6397ED1-5B35-4AF3-A4E8-A8B094BB076E}.Release|Any CPU.ActiveCfg = Release|Any CPU
		{A6397ED1-5B35-4AF3-A4E8-A8B094BB076E}.Release|Any CPU.Build.0 = Release|Any CPU
		{A2CABAA1-7E3A-49AC-AF38-A3EFC42AE5F6}.Debug|Any CPU.ActiveCfg = Debug|Any CPU
		{A2CABAA1-7E3A-49AC-AF38-A3EFC42AE5F6}.Debug|Any CPU.Build.0 = Debug|Any CPU
		{A2CABAA1-7E3A-49AC-AF38-A3EFC42AE5F6}.Release|Any CPU.ActiveCfg = Release|Any CPU
		{A2CABAA1-7E3A-49AC-AF38-A3EFC42AE5F6}.Release|Any CPU.Build.0 = Release|Any CPU
		{88B0736F-B9BC-4F9F-9DB9-7141460E4A5A}.Debug|Any CPU.ActiveCfg = Debug|Any CPU
		{88B0736F-B9BC-4F9F-9DB9-7141460E4A5A}.Debug|Any CPU.Build.0 = Debug|Any CPU
		{88B0736F-B9BC-4F9F-9DB9-7141460E4A5A}.Release|Any CPU.ActiveCfg = Release|Any CPU
		{88B0736F-B9BC-4F9F-9DB9-7141460E4A5A}.Release|Any CPU.Build.0 = Release|Any CPU
		{36FFAE0D-807D-48AF-BBA3-D3058F394704}.Debug|Any CPU.ActiveCfg = Debug|Any CPU
		{36FFAE0D-807D-48AF-BBA3-D3058F394704}.Debug|Any CPU.Build.0 = Debug|Any CPU
		{36FFAE0D-807D-48AF-BBA3-D3058F394704}.Release|Any CPU.ActiveCfg = Release|Any CPU
		{36FFAE0D-807D-48AF-BBA3-D3058F394704}.Release|Any CPU.Build.0 = Release|Any CPU
		{91E0B2C1-E53C-4EB2-A47A-2C3FA4EB76D1}.Debug|Any CPU.ActiveCfg = Debug|Any CPU
		{91E0B2C1-E53C-4EB2-A47A-2C3FA4EB76D1}.Debug|Any CPU.Build.0 = Debug|Any CPU
		{91E0B2C1-E53C-4EB2-A47A-2C3FA4EB76D1}.Release|Any CPU.ActiveCfg = Release|Any CPU
		{91E0B2C1-E53C-4EB2-A47A-2C3FA4EB76D1}.Release|Any CPU.Build.0 = Release|Any CPU
		{3E6C0887-6AF9-4645-8CA1-3F955D6BCF39}.Debug|Any CPU.ActiveCfg = Debug|Any CPU
		{3E6C0887-6AF9-4645-8CA1-3F955D6BCF39}.Debug|Any CPU.Build.0 = Debug|Any CPU
		{3E6C0887-6AF9-4645-8CA1-3F955D6BCF39}.Release|Any CPU.ActiveCfg = Release|Any CPU
		{3E6C0887-6AF9-4645-8CA1-3F955D6BCF39}.Release|Any CPU.Build.0 = Release|Any CPU
		{8828615A-2557-42F2-B88B-B2573A6109B8}.Debug|Any CPU.ActiveCfg = Debug|Any CPU
		{8828615A-2557-42F2-B88B-B2573A6109B8}.Debug|Any CPU.Build.0 = Debug|Any CPU
		{8828615A-2557-42F2-B88B-B2573A6109B8}.Release|Any CPU.ActiveCfg = Release|Any CPU
		{8828615A-2557-42F2-B88B-B2573A6109B8}.Release|Any CPU.Build.0 = Release|Any CPU
		{2ED8FF1F-5CD8-46CF-9F68-7501553E1F21}.Debug|Any CPU.ActiveCfg = Debug|Any CPU
		{2ED8FF1F-5CD8-46CF-9F68-7501553E1F21}.Debug|Any CPU.Build.0 = Debug|Any CPU
		{2ED8FF1F-5CD8-46CF-9F68-7501553E1F21}.Release|Any CPU.ActiveCfg = Release|Any CPU
		{2ED8FF1F-5CD8-46CF-9F68-7501553E1F21}.Release|Any CPU.Build.0 = Release|Any CPU
		{1306DF4A-A3D0-47FC-B51A-22A58107E0A1}.Debug|Any CPU.ActiveCfg = Debug|Any CPU
		{1306DF4A-A3D0-47FC-B51A-22A58107E0A1}.Debug|Any CPU.Build.0 = Debug|Any CPU
		{1306DF4A-A3D0-47FC-B51A-22A58107E0A1}.Release|Any CPU.ActiveCfg = Release|Any CPU
		{1306DF4A-A3D0-47FC-B51A-22A58107E0A1}.Release|Any CPU.Build.0 = Release|Any CPU
		{9FC205FE-C239-449C-B3F0-2C5F0F884DEC}.Debug|Any CPU.ActiveCfg = Debug|Any CPU
		{9FC205FE-C239-449C-B3F0-2C5F0F884DEC}.Debug|Any CPU.Build.0 = Debug|Any CPU
		{9FC205FE-C239-449C-B3F0-2C5F0F884DEC}.Release|Any CPU.ActiveCfg = Release|Any CPU
		{9FC205FE-C239-449C-B3F0-2C5F0F884DEC}.Release|Any CPU.Build.0 = Release|Any CPU
		{6C77BD57-FA9C-401E-B1ED-1735DE0ABE09}.Debug|Any CPU.ActiveCfg = Debug|Any CPU
		{6C77BD57-FA9C-401E-B1ED-1735DE0ABE09}.Debug|Any CPU.Build.0 = Debug|Any CPU
		{6C77BD57-FA9C-401E-B1ED-1735DE0ABE09}.Release|Any CPU.ActiveCfg = Release|Any CPU
		{6C77BD57-FA9C-401E-B1ED-1735DE0ABE09}.Release|Any CPU.Build.0 = Release|Any CPU
		{E5626DEC-547E-48AC-90A4-F6D263284723}.Debug|Any CPU.ActiveCfg = Debug|Any CPU
		{E5626DEC-547E-48AC-90A4-F6D263284723}.Debug|Any CPU.Build.0 = Debug|Any CPU
		{E5626DEC-547E-48AC-90A4-F6D263284723}.Release|Any CPU.ActiveCfg = Release|Any CPU
		{E5626DEC-547E-48AC-90A4-F6D263284723}.Release|Any CPU.Build.0 = Release|Any CPU
		{63691433-4DEE-4B96-A575-7DA1D9DA2D3B}.Debug|Any CPU.ActiveCfg = Debug|Any CPU
		{63691433-4DEE-4B96-A575-7DA1D9DA2D3B}.Debug|Any CPU.Build.0 = Debug|Any CPU
		{63691433-4DEE-4B96-A575-7DA1D9DA2D3B}.Release|Any CPU.ActiveCfg = Release|Any CPU
		{63691433-4DEE-4B96-A575-7DA1D9DA2D3B}.Release|Any CPU.Build.0 = Release|Any CPU
		{2DB41069-4893-4D32-A48E-A9EAE0DCE41F}.Debug|Any CPU.ActiveCfg = Debug|Any CPU
		{2DB41069-4893-4D32-A48E-A9EAE0DCE41F}.Debug|Any CPU.Build.0 = Debug|Any CPU
		{2DB41069-4893-4D32-A48E-A9EAE0DCE41F}.Release|Any CPU.ActiveCfg = Release|Any CPU
		{2DB41069-4893-4D32-A48E-A9EAE0DCE41F}.Release|Any CPU.Build.0 = Release|Any CPU
		{6D565D6C-90C9-4B91-B789-0095EE600A10}.Debug|Any CPU.ActiveCfg = Debug|Any CPU
		{6D565D6C-90C9-4B91-B789-0095EE600A10}.Debug|Any CPU.Build.0 = Debug|Any CPU
		{6D565D6C-90C9-4B91-B789-0095EE600A10}.Release|Any CPU.ActiveCfg = Release|Any CPU
		{6D565D6C-90C9-4B91-B789-0095EE600A10}.Release|Any CPU.Build.0 = Release|Any CPU
		{8DC2DF6F-7149-46F1-AC97-124BCBD5A724}.Debug|Any CPU.ActiveCfg = Debug|Any CPU
		{8DC2DF6F-7149-46F1-AC97-124BCBD5A724}.Debug|Any CPU.Build.0 = Debug|Any CPU
		{8DC2DF6F-7149-46F1-AC97-124BCBD5A724}.Release|Any CPU.ActiveCfg = Release|Any CPU
		{8DC2DF6F-7149-46F1-AC97-124BCBD5A724}.Release|Any CPU.Build.0 = Release|Any CPU
		{106EDAA9-879A-41D5-9B53-E4AF7DFF221D}.Debug|Any CPU.ActiveCfg = Debug|Any CPU
		{106EDAA9-879A-41D5-9B53-E4AF7DFF221D}.Debug|Any CPU.Build.0 = Debug|Any CPU
		{106EDAA9-879A-41D5-9B53-E4AF7DFF221D}.Release|Any CPU.ActiveCfg = Release|Any CPU
		{106EDAA9-879A-41D5-9B53-E4AF7DFF221D}.Release|Any CPU.Build.0 = Release|Any CPU
		{1A6BEC0B-2FF2-4563-996D-870AA496A303}.Debug|Any CPU.ActiveCfg = Debug|Any CPU
		{1A6BEC0B-2FF2-4563-996D-870AA496A303}.Debug|Any CPU.Build.0 = Debug|Any CPU
		{1A6BEC0B-2FF2-4563-996D-870AA496A303}.Release|Any CPU.ActiveCfg = Release|Any CPU
		{1A6BEC0B-2FF2-4563-996D-870AA496A303}.Release|Any CPU.Build.0 = Release|Any CPU
		{622A587A-0DF1-41EF-8ECD-1C697585D838}.Debug|Any CPU.ActiveCfg = Debug|Any CPU
		{622A587A-0DF1-41EF-8ECD-1C697585D838}.Debug|Any CPU.Build.0 = Debug|Any CPU
		{622A587A-0DF1-41EF-8ECD-1C697585D838}.Release|Any CPU.ActiveCfg = Release|Any CPU
		{622A587A-0DF1-41EF-8ECD-1C697585D838}.Release|Any CPU.Build.0 = Release|Any CPU
	EndGlobalSection
	GlobalSection(SolutionProperties) = preSolution
		HideSolutionNode = FALSE
	EndGlobalSection
	GlobalSection(NestedProjects) = preSolution
		{A6397ED1-5B35-4AF3-A4E8-A8B094BB076E} = {DC785CFD-7AD4-40BC-9944-44C030CE8306}
		{A2CABAA1-7E3A-49AC-AF38-A3EFC42AE5F6} = {DC785CFD-7AD4-40BC-9944-44C030CE8306}
		{88B0736F-B9BC-4F9F-9DB9-7141460E4A5A} = {27ADF6AC-CD96-4150-9DB1-CBD9BBAC4499}
		{36FFAE0D-807D-48AF-BBA3-D3058F394704} = {27ADF6AC-CD96-4150-9DB1-CBD9BBAC4499}
		{91E0B2C1-E53C-4EB2-A47A-2C3FA4EB76D1} = {B42D26A5-F576-494D-85EF-87C36658C9C2}
		{3E6C0887-6AF9-4645-8CA1-3F955D6BCF39} = {B42D26A5-F576-494D-85EF-87C36658C9C2}
		{8828615A-2557-42F2-B88B-B2573A6109B8} = {B42D26A5-F576-494D-85EF-87C36658C9C2}
		{2ED8FF1F-5CD8-46CF-9F68-7501553E1F21} = {45566AD2-4AA2-4DC6-8F24-8ECBB4ADC3FC}
		{41194996-B80E-4255-ABBB-918B563F8C6E} = {DC785CFD-7AD4-40BC-9944-44C030CE8306}
		{1306DF4A-A3D0-47FC-B51A-22A58107E0A1} = {41194996-B80E-4255-ABBB-918B563F8C6E}
		{9FC205FE-C239-449C-B3F0-2C5F0F884DEC} = {41194996-B80E-4255-ABBB-918B563F8C6E}
		{8CEF9790-BB6B-4AC5-BE43-B2B45668C898} = {39AC4D59-1632-44D5-AD4A-73CEE16DF27B}
		{6C77BD57-FA9C-401E-B1ED-1735DE0ABE09} = {8CEF9790-BB6B-4AC5-BE43-B2B45668C898}
		{4C2B3CBA-973F-4F2A-BFE1-5A83856E5037} = {39AC4D59-1632-44D5-AD4A-73CEE16DF27B}
		{E5626DEC-547E-48AC-90A4-F6D263284723} = {4C2B3CBA-973F-4F2A-BFE1-5A83856E5037}
		{63691433-4DEE-4B96-A575-7DA1D9DA2D3B} = {4C2B3CBA-973F-4F2A-BFE1-5A83856E5037}
		{2DB41069-4893-4D32-A48E-A9EAE0DCE41F} = {4C2B3CBA-973F-4F2A-BFE1-5A83856E5037}
		{6D565D6C-90C9-4B91-B789-0095EE600A10} = {4C2B3CBA-973F-4F2A-BFE1-5A83856E5037}
		{2324B998-2592-4EDA-AD60-C38049B68931} = {D760BAB4-71AB-483E-A29B-8CE7E715F6FC}
		{DF915991-5E7A-4EE0-A131-093EEEFF0E40} = {2324B998-2592-4EDA-AD60-C38049B68931}
		{8DC2DF6F-7149-46F1-AC97-124BCBD5A724} = {DF915991-5E7A-4EE0-A131-093EEEFF0E40}
		{106EDAA9-879A-41D5-9B53-E4AF7DFF221D} = {DF915991-5E7A-4EE0-A131-093EEEFF0E40}
		{3BF5F881-FCDB-4BC8-8FDC-546923DB545F} = {D760BAB4-71AB-483E-A29B-8CE7E715F6FC}
		{1948B529-71EE-46C0-9051-DA64B61551CB} = {3BF5F881-FCDB-4BC8-8FDC-546923DB545F}
		{1A6BEC0B-2FF2-4563-996D-870AA496A303} = {1948B529-71EE-46C0-9051-DA64B61551CB}
		{BA77E749-4D81-48FB-9D1E-66975568854C} = {D760BAB4-71AB-483E-A29B-8CE7E715F6FC}
		{D94EAEAC-31AF-4FE4-846F-096976375FCF} = {BA77E749-4D81-48FB-9D1E-66975568854C}
		{622A587A-0DF1-41EF-8ECD-1C697585D838} = {D94EAEAC-31AF-4FE4-846F-096976375FCF}
	EndGlobalSection
	GlobalSection(ExtensibilityGlobals) = postSolution
		SolutionGuid = {B5091F48-8ECD-4122-BD86-4FABAA724C05}
	EndGlobalSection
EndGlobal
