
Microsoft Visual Studio Solution File, Format Version 12.00
# Visual Studio Version 17
VisualStudioVersion = 17.5.002.0
MinimumVisualStudioVersion = 10.0.40219.1
Project("{9A19103F-16F7-4668-BE54-9A1E7A4F7556}") = "email-mailkit-smtp", "email-mailkit-smtp\email-mailkit-smtp.csproj", "{0C9C98EF-9272-4519-B2B1-8F8702DCDAD7}"
EndProject
Project("{9A19103F-16F7-4668-BE54-9A1E7A4F7556}") = "practical-signalR-mvc", "practical-signalR-mvc\practical-signalR-mvc.csproj", "{57B6C970-D730-48BC-BD32-8473078C9AB4}"
EndProject
Project("{9A19103F-16F7-4668-BE54-9A1E7A4F7556}") = "jwt-auth", "jwt-auth\jwt-auth.csproj", "{EEAF9293-ADC2-4FE7-B2FD-6A688028E974}"
EndProject
Project("{9A19103F-16F7-4668-BE54-9A1E7A4F7556}") = "data-structure-algo", "data-structure-algo\data-structure-algo.csproj", "{56FB57F1-A92F-4515-85A1-AF6F27564C5D}"
EndProject
Project("{2150E333-8FDC-42A3-9474-1A3956D46DE8}") = "advanced-c#", "advanced-c#", "{6B2090AD-3D26-472C-81DC-7FCD537B5E13}"
EndProject
Project("{9A19103F-16F7-4668-BE54-9A1E7A4F7556}") = "advanced-c#", "advanced-c#\HR-System\advanced-c#.csproj", "{7CC5E8E0-339F-45CF-8774-8681648464CB}"
EndProject
Project("{2150E333-8FDC-42A3-9474-1A3956D46DE8}") = "microservices-project-three", "microservices-project-three", "{6A7545A5-B447-496B-8B80-AE6842857DE7}"
EndProject
Project("{9A19103F-16F7-4668-BE54-9A1E7A4F7556}") = "PlatformService", "microservices-project-three\PlatformService\PlatformService.csproj", "{2C3AFE8E-C273-40E6-990D-5DF19EA38AC0}"
EndProject
Project("{2150E333-8FDC-42A3-9474-1A3956D46DE8}") = "signalR-nextjs-chat", "signalR-nextjs-chat", "{24914A0F-C33F-4ABB-955D-7567D727AE94}"
EndProject
Project("{9A19103F-16F7-4668-BE54-9A1E7A4F7556}") = "chat-backend", "signalR-nextjs-chat\chat-backend\chat-backend.csproj", "{586E46C6-811E-4F4C-B20A-FE40A01E3724}"
EndProject
Project("{2150E333-8FDC-42A3-9474-1A3956D46DE8}") = "microservices-project-two", "microservices-project-two", "{8A70C38A-1A9D-449D-8C2B-C4D12E1930AB}"
EndProject
Project("{2150E333-8FDC-42A3-9474-1A3956D46DE8}") = "Frontend", "Frontend", "{6450B3E2-BCFD-4E78-AA22-4EB8986BDA7D}"
EndProject
Project("{9A19103F-16F7-4668-BE54-9A1E7A4F7556}") = "Mango.Web", "microservices-project-two\Frontend\Mango.Web\Mango.Web.csproj", "{8106CA2E-DBD6-472E-8B3B-64A14E5CB7A2}"
EndProject
Project("{2150E333-8FDC-42A3-9474-1A3956D46DE8}") = "Services", "Services", "{18B5182F-D4EF-4D66-8E71-F88581DEE862}"
EndProject
Project("{9A19103F-16F7-4668-BE54-9A1E7A4F7556}") = "Mango.Services.CouponAPI", "microservices-project-two\Services\Mango.Services.CouponAPI\Mango.Services.CouponAPI.csproj", "{E85432A0-5A2D-4EF7-8E3A-DF9712C39F83}"
EndProject
Project("{9A19103F-16F7-4668-BE54-9A1E7A4F7556}") = "Mango.Services.ProductAPI", "microservices-project-two\Services\Mango.Services.ProductAPI\Mango.Services.ProductAPI.csproj", "{B08E8AC0-291D-4A5A-A4D5-5A38355718DE}"
EndProject
Project("{9A19103F-16F7-4668-BE54-9A1E7A4F7556}") = "Mango.Services.ShoppingCartAPI", "microservices-project-two\Services\Mango.Services.ShoppingCartAPI\Mango.Services.ShoppingCartAPI.csproj", "{A2696492-FA0B-40A6-89D6-B87E2B03C00A}"
EndProject
Project("{9A19103F-16F7-4668-BE54-9A1E7A4F7556}") = "Mango.Services.AuthAPI", "microservices-project-two\Services\Mango.Services.AuthAPI\Mango.Services.AuthAPI.csproj", "{B527C18D-49A3-4B29-AD4C-6EBBB9A1B5F4}"
EndProject
Project("{2150E333-8FDC-42A3-9474-1A3956D46DE8}") = "microservices-project-one", "microservices-project-one", "{995BD778-3AB0-48B0-9844-062D95BD0AAF}"
EndProject
Project("{2150E333-8FDC-42A3-9474-1A3956D46DE8}") = "Play.Catalog", "Play.Catalog", "{39BF441D-16C7-4818-8CAD-2C503E2AC4AA}"
EndProject
Project("{2150E333-8FDC-42A3-9474-1A3956D46DE8}") = "src", "src", "{7BC086B3-CBCE-4AD1-A521-7CE85A587575}"
EndProject
Project("{9A19103F-16F7-4668-BE54-9A1E7A4F7556}") = "Play.Catalog.Service", "microservices-project-one\Play.Catalog\src\Play.Catalog.Service\Play.Catalog.Service.csproj", "{9A2B6DCA-DC74-4087-8F76-122D6667BBEA}"
EndProject
Project("{9A19103F-16F7-4668-BE54-9A1E7A4F7556}") = "Play.Catalog.Contracts", "microservices-project-one\Play.Catalog\src\Play.Catalog.Contracts\Play.Catalog.Contracts.csproj", "{AC50498E-37AC-482F-8F2B-2857D69321F1}"
EndProject
Project("{2150E333-8FDC-42A3-9474-1A3956D46DE8}") = "Play.Common", "Play.Common", "{02E50B0A-7E79-4E8B-A863-E9293669AF14}"
EndProject
Project("{2150E333-8FDC-42A3-9474-1A3956D46DE8}") = "src", "src", "{3F47F893-1466-455B-A207-CD064C4E670E}"
EndProject
Project("{9A19103F-16F7-4668-BE54-9A1E7A4F7556}") = "Play.Common", "microservices-project-one\Play.Common\src\Play.Common\Play.Common.csproj", "{8DE27121-6088-4033-89A4-92235064B8E4}"
EndProject
Project("{2150E333-8FDC-42A3-9474-1A3956D46DE8}") = "Play.Inventory", "Play.Inventory", "{4A6FE094-DCED-4306-8ABB-8BC2AB4FD9E6}"
EndProject
Project("{2150E333-8FDC-42A3-9474-1A3956D46DE8}") = "src", "src", "{10ECCDA9-1D3C-41F9-9167-A9FAB5C8B36E}"
EndProject
Project("{9A19103F-16F7-4668-BE54-9A1E7A4F7556}") = "Play.Inventory.Service", "microservices-project-one\Play.Inventory\src\Play.Inventory.Service\Play.Inventory.Service.csproj", "{8852A183-6F0B-4299-87E3-1B1259AA4C62}"
EndProject
Global
	GlobalSection(SolutionConfigurationPlatforms) = preSolution
		Debug|Any CPU = Debug|Any CPU
		Release|Any CPU = Release|Any CPU
	EndGlobalSection
	GlobalSection(ProjectConfigurationPlatforms) = postSolution
		{0C9C98EF-9272-4519-B2B1-8F8702DCDAD7}.Debug|Any CPU.ActiveCfg = Debug|Any CPU
		{0C9C98EF-9272-4519-B2B1-8F8702DCDAD7}.Debug|Any CPU.Build.0 = Debug|Any CPU
		{0C9C98EF-9272-4519-B2B1-8F8702DCDAD7}.Release|Any CPU.ActiveCfg = Release|Any CPU
		{0C9C98EF-9272-4519-B2B1-8F8702DCDAD7}.Release|Any CPU.Build.0 = Release|Any CPU
		{57B6C970-D730-48BC-BD32-8473078C9AB4}.Debug|Any CPU.ActiveCfg = Debug|Any CPU
		{57B6C970-D730-48BC-BD32-8473078C9AB4}.Debug|Any CPU.Build.0 = Debug|Any CPU
		{57B6C970-D730-48BC-BD32-8473078C9AB4}.Release|Any CPU.ActiveCfg = Release|Any CPU
		{57B6C970-D730-48BC-BD32-8473078C9AB4}.Release|Any CPU.Build.0 = Release|Any CPU
		{EEAF9293-ADC2-4FE7-B2FD-6A688028E974}.Debug|Any CPU.ActiveCfg = Debug|Any CPU
		{EEAF9293-ADC2-4FE7-B2FD-6A688028E974}.Debug|Any CPU.Build.0 = Debug|Any CPU
		{EEAF9293-ADC2-4FE7-B2FD-6A688028E974}.Release|Any CPU.ActiveCfg = Release|Any CPU
		{EEAF9293-ADC2-4FE7-B2FD-6A688028E974}.Release|Any CPU.Build.0 = Release|Any CPU
		{56FB57F1-A92F-4515-85A1-AF6F27564C5D}.Debug|Any CPU.ActiveCfg = Debug|Any CPU
		{56FB57F1-A92F-4515-85A1-AF6F27564C5D}.Debug|Any CPU.Build.0 = Debug|Any CPU
		{56FB57F1-A92F-4515-85A1-AF6F27564C5D}.Release|Any CPU.ActiveCfg = Release|Any CPU
		{56FB57F1-A92F-4515-85A1-AF6F27564C5D}.Release|Any CPU.Build.0 = Release|Any CPU
		{7CC5E8E0-339F-45CF-8774-8681648464CB}.Debug|Any CPU.ActiveCfg = Debug|Any CPU
		{7CC5E8E0-339F-45CF-8774-8681648464CB}.Debug|Any CPU.Build.0 = Debug|Any CPU
		{7CC5E8E0-339F-45CF-8774-8681648464CB}.Release|Any CPU.ActiveCfg = Release|Any CPU
		{7CC5E8E0-339F-45CF-8774-8681648464CB}.Release|Any CPU.Build.0 = Release|Any CPU
		{2C3AFE8E-C273-40E6-990D-5DF19EA38AC0}.Debug|Any CPU.ActiveCfg = Debug|Any CPU
		{2C3AFE8E-C273-40E6-990D-5DF19EA38AC0}.Debug|Any CPU.Build.0 = Debug|Any CPU
		{2C3AFE8E-C273-40E6-990D-5DF19EA38AC0}.Release|Any CPU.ActiveCfg = Release|Any CPU
		{2C3AFE8E-C273-40E6-990D-5DF19EA38AC0}.Release|Any CPU.Build.0 = Release|Any CPU
		{586E46C6-811E-4F4C-B20A-FE40A01E3724}.Debug|Any CPU.ActiveCfg = Debug|Any CPU
		{586E46C6-811E-4F4C-B20A-FE40A01E3724}.Debug|Any CPU.Build.0 = Debug|Any CPU
		{586E46C6-811E-4F4C-B20A-FE40A01E3724}.Release|Any CPU.ActiveCfg = Release|Any CPU
		{586E46C6-811E-4F4C-B20A-FE40A01E3724}.Release|Any CPU.Build.0 = Release|Any CPU
		{8106CA2E-DBD6-472E-8B3B-64A14E5CB7A2}.Debug|Any CPU.ActiveCfg = Debug|Any CPU
		{8106CA2E-DBD6-472E-8B3B-64A14E5CB7A2}.Debug|Any CPU.Build.0 = Debug|Any CPU
		{8106CA2E-DBD6-472E-8B3B-64A14E5CB7A2}.Release|Any CPU.ActiveCfg = Release|Any CPU
		{8106CA2E-DBD6-472E-8B3B-64A14E5CB7A2}.Release|Any CPU.Build.0 = Release|Any CPU
		{E85432A0-5A2D-4EF7-8E3A-DF9712C39F83}.Debug|Any CPU.ActiveCfg = Debug|Any CPU
		{E85432A0-5A2D-4EF7-8E3A-DF9712C39F83}.Debug|Any CPU.Build.0 = Debug|Any CPU
		{E85432A0-5A2D-4EF7-8E3A-DF9712C39F83}.Release|Any CPU.ActiveCfg = Release|Any CPU
		{E85432A0-5A2D-4EF7-8E3A-DF9712C39F83}.Release|Any CPU.Build.0 = Release|Any CPU
		{B08E8AC0-291D-4A5A-A4D5-5A38355718DE}.Debug|Any CPU.ActiveCfg = Debug|Any CPU
		{B08E8AC0-291D-4A5A-A4D5-5A38355718DE}.Debug|Any CPU.Build.0 = Debug|Any CPU
		{B08E8AC0-291D-4A5A-A4D5-5A38355718DE}.Release|Any CPU.ActiveCfg = Release|Any CPU
		{B08E8AC0-291D-4A5A-A4D5-5A38355718DE}.Release|Any CPU.Build.0 = Release|Any CPU
		{A2696492-FA0B-40A6-89D6-B87E2B03C00A}.Debug|Any CPU.ActiveCfg = Debug|Any CPU
		{A2696492-FA0B-40A6-89D6-B87E2B03C00A}.Debug|Any CPU.Build.0 = Debug|Any CPU
		{A2696492-FA0B-40A6-89D6-B87E2B03C00A}.Release|Any CPU.ActiveCfg = Release|Any CPU
		{A2696492-FA0B-40A6-89D6-B87E2B03C00A}.Release|Any CPU.Build.0 = Release|Any CPU
		{B527C18D-49A3-4B29-AD4C-6EBBB9A1B5F4}.Debug|Any CPU.ActiveCfg = Debug|Any CPU
		{B527C18D-49A3-4B29-AD4C-6EBBB9A1B5F4}.Debug|Any CPU.Build.0 = Debug|Any CPU
		{B527C18D-49A3-4B29-AD4C-6EBBB9A1B5F4}.Release|Any CPU.ActiveCfg = Release|Any CPU
		{B527C18D-49A3-4B29-AD4C-6EBBB9A1B5F4}.Release|Any CPU.Build.0 = Release|Any CPU
		{9A2B6DCA-DC74-4087-8F76-122D6667BBEA}.Debug|Any CPU.ActiveCfg = Debug|Any CPU
		{9A2B6DCA-DC74-4087-8F76-122D6667BBEA}.Debug|Any CPU.Build.0 = Debug|Any CPU
		{9A2B6DCA-DC74-4087-8F76-122D6667BBEA}.Release|Any CPU.ActiveCfg = Release|Any CPU
		{9A2B6DCA-DC74-4087-8F76-122D6667BBEA}.Release|Any CPU.Build.0 = Release|Any CPU
		{AC50498E-37AC-482F-8F2B-2857D69321F1}.Debug|Any CPU.ActiveCfg = Debug|Any CPU
		{AC50498E-37AC-482F-8F2B-2857D69321F1}.Debug|Any CPU.Build.0 = Debug|Any CPU
		{AC50498E-37AC-482F-8F2B-2857D69321F1}.Release|Any CPU.ActiveCfg = Release|Any CPU
		{AC50498E-37AC-482F-8F2B-2857D69321F1}.Release|Any CPU.Build.0 = Release|Any CPU
		{8DE27121-6088-4033-89A4-92235064B8E4}.Debug|Any CPU.ActiveCfg = Debug|Any CPU
		{8DE27121-6088-4033-89A4-92235064B8E4}.Debug|Any CPU.Build.0 = Debug|Any CPU
		{8DE27121-6088-4033-89A4-92235064B8E4}.Release|Any CPU.ActiveCfg = Release|Any CPU
		{8DE27121-6088-4033-89A4-92235064B8E4}.Release|Any CPU.Build.0 = Release|Any CPU
		{8852A183-6F0B-4299-87E3-1B1259AA4C62}.Debug|Any CPU.ActiveCfg = Debug|Any CPU
		{8852A183-6F0B-4299-87E3-1B1259AA4C62}.Debug|Any CPU.Build.0 = Debug|Any CPU
		{8852A183-6F0B-4299-87E3-1B1259AA4C62}.Release|Any CPU.ActiveCfg = Release|Any CPU
		{8852A183-6F0B-4299-87E3-1B1259AA4C62}.Release|Any CPU.Build.0 = Release|Any CPU
	EndGlobalSection
	GlobalSection(SolutionProperties) = preSolution
		HideSolutionNode = FALSE
	EndGlobalSection
	GlobalSection(NestedProjects) = preSolution
		{7CC5E8E0-339F-45CF-8774-8681648464CB} = {6B2090AD-3D26-472C-81DC-7FCD537B5E13}
		{2C3AFE8E-C273-40E6-990D-5DF19EA38AC0} = {6A7545A5-B447-496B-8B80-AE6842857DE7}
		{586E46C6-811E-4F4C-B20A-FE40A01E3724} = {24914A0F-C33F-4ABB-955D-7567D727AE94}
		{6450B3E2-BCFD-4E78-AA22-4EB8986BDA7D} = {8A70C38A-1A9D-449D-8C2B-C4D12E1930AB}
		{8106CA2E-DBD6-472E-8B3B-64A14E5CB7A2} = {6450B3E2-BCFD-4E78-AA22-4EB8986BDA7D}
		{18B5182F-D4EF-4D66-8E71-F88581DEE862} = {8A70C38A-1A9D-449D-8C2B-C4D12E1930AB}
		{E85432A0-5A2D-4EF7-8E3A-DF9712C39F83} = {18B5182F-D4EF-4D66-8E71-F88581DEE862}
		{B08E8AC0-291D-4A5A-A4D5-5A38355718DE} = {18B5182F-D4EF-4D66-8E71-F88581DEE862}
		{A2696492-FA0B-40A6-89D6-B87E2B03C00A} = {18B5182F-D4EF-4D66-8E71-F88581DEE862}
		{B527C18D-49A3-4B29-AD4C-6EBBB9A1B5F4} = {18B5182F-D4EF-4D66-8E71-F88581DEE862}
		{39BF441D-16C7-4818-8CAD-2C503E2AC4AA} = {995BD778-3AB0-48B0-9844-062D95BD0AAF}
		{7BC086B3-CBCE-4AD1-A521-7CE85A587575} = {39BF441D-16C7-4818-8CAD-2C503E2AC4AA}
		{9A2B6DCA-DC74-4087-8F76-122D6667BBEA} = {7BC086B3-CBCE-4AD1-A521-7CE85A587575}
		{AC50498E-37AC-482F-8F2B-2857D69321F1} = {7BC086B3-CBCE-4AD1-A521-7CE85A587575}
		{02E50B0A-7E79-4E8B-A863-E9293669AF14} = {995BD778-3AB0-48B0-9844-062D95BD0AAF}
		{3F47F893-1466-455B-A207-CD064C4E670E} = {02E50B0A-7E79-4E8B-A863-E9293669AF14}
		{8DE27121-6088-4033-89A4-92235064B8E4} = {3F47F893-1466-455B-A207-CD064C4E670E}
		{4A6FE094-DCED-4306-8ABB-8BC2AB4FD9E6} = {995BD778-3AB0-48B0-9844-062D95BD0AAF}
		{10ECCDA9-1D3C-41F9-9167-A9FAB5C8B36E} = {4A6FE094-DCED-4306-8ABB-8BC2AB4FD9E6}
		{8852A183-6F0B-4299-87E3-1B1259AA4C62} = {10ECCDA9-1D3C-41F9-9167-A9FAB5C8B36E}
	EndGlobalSection
	GlobalSection(ExtensibilityGlobals) = postSolution
		SolutionGuid = {2ACFAC93-3ECF-483D-B8C9-2E11EA975ADE}
	EndGlobalSection
EndGlobal
